// !$*UTF8*$!
{
	archiveVersion = 1;
	classes = {
	};
	objectVersion = 56;
	objects = {

/* Begin PBXBuildFile section */
		4C751D7D296A4C8300861894 /* PokedexApp.swift in Sources */ = {isa = PBXBuildFile; fileRef = 4C751D7C296A4C8300861894 /* PokedexApp.swift */; };
		4C751D7F296A4C8300861894 /* PokedexView.swift in Sources */ = {isa = PBXBuildFile; fileRef = 4C751D7E296A4C8300861894 /* PokedexView.swift */; };
		4C751D81296A4C8600861894 /* Assets.xcassets in Resources */ = {isa = PBXBuildFile; fileRef = 4C751D80296A4C8600861894 /* Assets.xcassets */; };
		4C751D84296A4C8600861894 /* Preview Assets.xcassets in Resources */ = {isa = PBXBuildFile; fileRef = 4C751D83296A4C8600861894 /* Preview Assets.xcassets */; };
		4C751D8E296A4C8700861894 /* PokedexTests.swift in Sources */ = {isa = PBXBuildFile; fileRef = 4C751D8D296A4C8700861894 /* PokedexTests.swift */; };
		4C751D98296A4C8700861894 /* PokedexUITests.swift in Sources */ = {isa = PBXBuildFile; fileRef = 4C751D97296A4C8700861894 /* PokedexUITests.swift */; };
		4C751D9A296A4C8700861894 /* PokedexUITestsLaunchTests.swift in Sources */ = {isa = PBXBuildFile; fileRef = 4C751D99296A4C8700861894 /* PokedexUITestsLaunchTests.swift */; };
		4C751DA8296A4E4800861894 /* Pokemon.swift in Sources */ = {isa = PBXBuildFile; fileRef = 4C751DA7296A4E4800861894 /* Pokemon.swift */; };
		4C751DAC296A4FC300861894 /* PokemonAbility.swift in Sources */ = {isa = PBXBuildFile; fileRef = 4C751DAB296A4FC300861894 /* PokemonAbility.swift */; };
		4C751DB0296A511F00861894 /* NamedPokemonResource.swift in Sources */ = {isa = PBXBuildFile; fileRef = 4C751DAF296A511F00861894 /* NamedPokemonResource.swift */; };
		4C751DB2296A516800861894 /* PokemonStat.swift in Sources */ = {isa = PBXBuildFile; fileRef = 4C751DB1296A516800861894 /* PokemonStat.swift */; };
		4C751DB4296A52E900861894 /* PokemonType.swift in Sources */ = {isa = PBXBuildFile; fileRef = 4C751DB3296A52E900861894 /* PokemonType.swift */; };
		4C751DB9296A5BE900861894 /* PokemonModelTests.swift in Sources */ = {isa = PBXBuildFile; fileRef = 4C751DB8296A5BE900861894 /* PokemonModelTests.swift */; };
		4C751DBF296A5F0100861894 /* Charmander.json in Resources */ = {isa = PBXBuildFile; fileRef = 4C751DBE296A5D7F00861894 /* Charmander.json */; };
		4C751DC1296A661700861894 /* PokemonTypes.json in Resources */ = {isa = PBXBuildFile; fileRef = 4C751DC0296A661700861894 /* PokemonTypes.json */; };
		4C751DC3296A6DFB00861894 /* PokemonStats.json in Resources */ = {isa = PBXBuildFile; fileRef = 4C751DC2296A6DFB00861894 /* PokemonStats.json */; };
/* End PBXBuildFile section */

/* Begin PBXContainerItemProxy section */
		4C751D8A296A4C8700861894 /* PBXContainerItemProxy */ = {
			isa = PBXContainerItemProxy;
			containerPortal = 4C751D71296A4C8300861894 /* Project object */;
			proxyType = 1;
			remoteGlobalIDString = 4C751D78296A4C8300861894;
			remoteInfo = Pokedex;
		};
		4C751D94296A4C8700861894 /* PBXContainerItemProxy */ = {
			isa = PBXContainerItemProxy;
			containerPortal = 4C751D71296A4C8300861894 /* Project object */;
			proxyType = 1;
			remoteGlobalIDString = 4C751D78296A4C8300861894;
			remoteInfo = Pokedex;
		};
/* End PBXContainerItemProxy section */

/* Begin PBXFileReference section */
		4C751D79296A4C8300861894 /* Pokedex.app */ = {isa = PBXFileReference; explicitFileType = wrapper.application; includeInIndex = 0; path = Pokedex.app; sourceTree = BUILT_PRODUCTS_DIR; };
		4C751D7C296A4C8300861894 /* PokedexApp.swift */ = {isa = PBXFileReference; lastKnownFileType = sourcecode.swift; path = PokedexApp.swift; sourceTree = "<group>"; };
		4C751D7E296A4C8300861894 /* PokedexView.swift */ = {isa = PBXFileReference; lastKnownFileType = sourcecode.swift; path = PokedexView.swift; sourceTree = "<group>"; };
		4C751D80296A4C8600861894 /* Assets.xcassets */ = {isa = PBXFileReference; lastKnownFileType = folder.assetcatalog; path = Assets.xcassets; sourceTree = "<group>"; };
		4C751D83296A4C8600861894 /* Preview Assets.xcassets */ = {isa = PBXFileReference; lastKnownFileType = folder.assetcatalog; path = "Preview Assets.xcassets"; sourceTree = "<group>"; };
		4C751D89296A4C8700861894 /* PokedexTests.xctest */ = {isa = PBXFileReference; explicitFileType = wrapper.cfbundle; includeInIndex = 0; path = PokedexTests.xctest; sourceTree = BUILT_PRODUCTS_DIR; };
		4C751D8D296A4C8700861894 /* PokedexTests.swift */ = {isa = PBXFileReference; lastKnownFileType = sourcecode.swift; path = PokedexTests.swift; sourceTree = "<group>"; };
		4C751D93296A4C8700861894 /* PokedexUITests.xctest */ = {isa = PBXFileReference; explicitFileType = wrapper.cfbundle; includeInIndex = 0; path = PokedexUITests.xctest; sourceTree = BUILT_PRODUCTS_DIR; };
		4C751D97296A4C8700861894 /* PokedexUITests.swift */ = {isa = PBXFileReference; lastKnownFileType = sourcecode.swift; path = PokedexUITests.swift; sourceTree = "<group>"; };
		4C751D99296A4C8700861894 /* PokedexUITestsLaunchTests.swift */ = {isa = PBXFileReference; lastKnownFileType = sourcecode.swift; path = PokedexUITestsLaunchTests.swift; sourceTree = "<group>"; };
		4C751DA7296A4E4800861894 /* Pokemon.swift */ = {isa = PBXFileReference; lastKnownFileType = sourcecode.swift; path = Pokemon.swift; sourceTree = "<group>"; };
		4C751DAB296A4FC300861894 /* PokemonAbility.swift */ = {isa = PBXFileReference; lastKnownFileType = sourcecode.swift; path = PokemonAbility.swift; sourceTree = "<group>"; };
		4C751DAF296A511F00861894 /* NamedPokemonResource.swift */ = {isa = PBXFileReference; lastKnownFileType = sourcecode.swift; path = NamedPokemonResource.swift; sourceTree = "<group>"; };
		4C751DB1296A516800861894 /* PokemonStat.swift */ = {isa = PBXFileReference; lastKnownFileType = sourcecode.swift; path = PokemonStat.swift; sourceTree = "<group>"; };
		4C751DB3296A52E900861894 /* PokemonType.swift */ = {isa = PBXFileReference; lastKnownFileType = sourcecode.swift; path = PokemonType.swift; sourceTree = "<group>"; };
		4C751DB8296A5BE900861894 /* PokemonModelTests.swift */ = {isa = PBXFileReference; lastKnownFileType = sourcecode.swift; path = PokemonModelTests.swift; sourceTree = "<group>"; };
		4C751DBE296A5D7F00861894 /* Charmander.json */ = {isa = PBXFileReference; lastKnownFileType = text.json; path = Charmander.json; sourceTree = "<group>"; };
		4C751DC0296A661700861894 /* PokemonTypes.json */ = {isa = PBXFileReference; lastKnownFileType = text.json; path = PokemonTypes.json; sourceTree = "<group>"; };
		4C751DC2296A6DFB00861894 /* PokemonStats.json */ = {isa = PBXFileReference; lastKnownFileType = text.json; path = PokemonStats.json; sourceTree = "<group>"; };
/* End PBXFileReference section */

/* Begin PBXFrameworksBuildPhase section */
		4C751D76296A4C8300861894 /* Frameworks */ = {
			isa = PBXFrameworksBuildPhase;
			buildActionMask = 2147483647;
			files = (
			);
			runOnlyForDeploymentPostprocessing = 0;
		};
		4C751D86296A4C8700861894 /* Frameworks */ = {
			isa = PBXFrameworksBuildPhase;
			buildActionMask = 2147483647;
			files = (
			);
			runOnlyForDeploymentPostprocessing = 0;
		};
		4C751D90296A4C8700861894 /* Frameworks */ = {
			isa = PBXFrameworksBuildPhase;
			buildActionMask = 2147483647;
			files = (
			);
			runOnlyForDeploymentPostprocessing = 0;
		};
/* End PBXFrameworksBuildPhase section */

/* Begin PBXGroup section */
		4C751D70296A4C8300861894 = {
			isa = PBXGroup;
			children = (
				4C751D7B296A4C8300861894 /* Pokedex */,
				4C751D8C296A4C8700861894 /* PokedexTests */,
				4C751D96296A4C8700861894 /* PokedexUITests */,
				4C751D7A296A4C8300861894 /* Products */,
			);
			sourceTree = "<group>";
		};
		4C751D7A296A4C8300861894 /* Products */ = {
			isa = PBXGroup;
			children = (
				4C751D79296A4C8300861894 /* Pokedex.app */,
				4C751D89296A4C8700861894 /* PokedexTests.xctest */,
				4C751D93296A4C8700861894 /* PokedexUITests.xctest */,
			);
			name = Products;
			sourceTree = "<group>";
		};
		4C751D7B296A4C8300861894 /* Pokedex */ = {
			isa = PBXGroup;
			children = (
				4C751DA6296A4E3D00861894 /* Models */,
				4C751D7C296A4C8300861894 /* PokedexApp.swift */,
				4C751D7E296A4C8300861894 /* PokedexView.swift */,
				4C751D80296A4C8600861894 /* Assets.xcassets */,
				4C751D82296A4C8600861894 /* Preview Content */,
			);
			path = Pokedex;
			sourceTree = "<group>";
		};
		4C751D82296A4C8600861894 /* Preview Content */ = {
			isa = PBXGroup;
			children = (
				4C751D83296A4C8600861894 /* Preview Assets.xcassets */,
			);
			path = "Preview Content";
			sourceTree = "<group>";
		};
		4C751D8C296A4C8700861894 /* PokedexTests */ = {
			isa = PBXGroup;
			children = (
				4C751DBD296A5D6700861894 /* Resources */,
				4C751DB7296A5BCB00861894 /* Models */,
				4C751D8D296A4C8700861894 /* PokedexTests.swift */,
			);
			path = PokedexTests;
			sourceTree = "<group>";
		};
		4C751D96296A4C8700861894 /* PokedexUITests */ = {
			isa = PBXGroup;
			children = (
				4C751D97296A4C8700861894 /* PokedexUITests.swift */,
				4C751D99296A4C8700861894 /* PokedexUITestsLaunchTests.swift */,
			);
			path = PokedexUITests;
			sourceTree = "<group>";
		};
		4C751DA6296A4E3D00861894 /* Models */ = {
			isa = PBXGroup;
			children = (
				4C751DA7296A4E4800861894 /* Pokemon.swift */,
				4C751DAB296A4FC300861894 /* PokemonAbility.swift */,
				4C751DAF296A511F00861894 /* NamedPokemonResource.swift */,
				4C751DB1296A516800861894 /* PokemonStat.swift */,
				4C751DB3296A52E900861894 /* PokemonType.swift */,
			);
			path = Models;
			sourceTree = "<group>";
		};
		4C751DB7296A5BCB00861894 /* Models */ = {
			isa = PBXGroup;
			children = (
				4C751DB8296A5BE900861894 /* PokemonModelTests.swift */,
			);
			path = Models;
			sourceTree = "<group>";
		};
		4C751DBD296A5D6700861894 /* Resources */ = {
			isa = PBXGroup;
			children = (
				4C751DBE296A5D7F00861894 /* Charmander.json */,
				4C751DC0296A661700861894 /* PokemonTypes.json */,
				4C751DC2296A6DFB00861894 /* PokemonStats.json */,
			);
			path = Resources;
			sourceTree = "<group>";
		};
/* End PBXGroup section */

/* Begin PBXNativeTarget section */
		4C751D78296A4C8300861894 /* Pokedex */ = {
			isa = PBXNativeTarget;
			buildConfigurationList = 4C751D9D296A4C8700861894 /* Build configuration list for PBXNativeTarget "Pokedex" */;
			buildPhases = (
				4C751D75296A4C8300861894 /* Sources */,
				4C751D76296A4C8300861894 /* Frameworks */,
				4C751D77296A4C8300861894 /* Resources */,
			);
			buildRules = (
			);
			dependencies = (
			);
			name = Pokedex;
			productName = Pokedex;
			productReference = 4C751D79296A4C8300861894 /* Pokedex.app */;
			productType = "com.apple.product-type.application";
		};
		4C751D88296A4C8700861894 /* PokedexTests */ = {
			isa = PBXNativeTarget;
			buildConfigurationList = 4C751DA0296A4C8700861894 /* Build configuration list for PBXNativeTarget "PokedexTests" */;
			buildPhases = (
				4C751D85296A4C8700861894 /* Sources */,
				4C751D86296A4C8700861894 /* Frameworks */,
				4C751D87296A4C8700861894 /* Resources */,
			);
			buildRules = (
			);
			dependencies = (
				4C751D8B296A4C8700861894 /* PBXTargetDependency */,
			);
			name = PokedexTests;
			productName = PokedexTests;
			productReference = 4C751D89296A4C8700861894 /* PokedexTests.xctest */;
			productType = "com.apple.product-type.bundle.unit-test";
		};
		4C751D92296A4C8700861894 /* PokedexUITests */ = {
			isa = PBXNativeTarget;
			buildConfigurationList = 4C751DA3296A4C8700861894 /* Build configuration list for PBXNativeTarget "PokedexUITests" */;
			buildPhases = (
				4C751D8F296A4C8700861894 /* Sources */,
				4C751D90296A4C8700861894 /* Frameworks */,
				4C751D91296A4C8700861894 /* Resources */,
			);
			buildRules = (
			);
			dependencies = (
				4C751D95296A4C8700861894 /* PBXTargetDependency */,
			);
			name = PokedexUITests;
			productName = PokedexUITests;
			productReference = 4C751D93296A4C8700861894 /* PokedexUITests.xctest */;
			productType = "com.apple.product-type.bundle.ui-testing";
		};
/* End PBXNativeTarget section */

/* Begin PBXProject section */
		4C751D71296A4C8300861894 /* Project object */ = {
			isa = PBXProject;
			attributes = {
				BuildIndependentTargetsInParallel = 1;
				LastSwiftUpdateCheck = 1420;
				LastUpgradeCheck = 1420;
				TargetAttributes = {
					4C751D78296A4C8300861894 = {
						CreatedOnToolsVersion = 14.2;
					};
					4C751D88296A4C8700861894 = {
						CreatedOnToolsVersion = 14.2;
						TestTargetID = 4C751D78296A4C8300861894;
					};
					4C751D92296A4C8700861894 = {
						CreatedOnToolsVersion = 14.2;
						TestTargetID = 4C751D78296A4C8300861894;
					};
				};
			};
			buildConfigurationList = 4C751D74296A4C8300861894 /* Build configuration list for PBXProject "Pokedex" */;
			compatibilityVersion = "Xcode 14.0";
			developmentRegion = en;
			hasScannedForEncodings = 0;
			knownRegions = (
				en,
				Base,
			);
			mainGroup = 4C751D70296A4C8300861894;
			productRefGroup = 4C751D7A296A4C8300861894 /* Products */;
			projectDirPath = "";
			projectRoot = "";
			targets = (
				4C751D78296A4C8300861894 /* Pokedex */,
				4C751D88296A4C8700861894 /* PokedexTests */,
				4C751D92296A4C8700861894 /* PokedexUITests */,
			);
		};
/* End PBXProject section */

/* Begin PBXResourcesBuildPhase section */
		4C751D77296A4C8300861894 /* Resources */ = {
			isa = PBXResourcesBuildPhase;
			buildActionMask = 2147483647;
			files = (
				4C751D84296A4C8600861894 /* Preview Assets.xcassets in Resources */,
				4C751D81296A4C8600861894 /* Assets.xcassets in Resources */,
			);
			runOnlyForDeploymentPostprocessing = 0;
		};
		4C751D87296A4C8700861894 /* Resources */ = {
			isa = PBXResourcesBuildPhase;
			buildActionMask = 2147483647;
			files = (
				4C751DBF296A5F0100861894 /* Charmander.json in Resources */,
				4C751DC1296A661700861894 /* PokemonTypes.json in Resources */,
				4C751DC3296A6DFB00861894 /* PokemonStats.json in Resources */,
			);
			runOnlyForDeploymentPostprocessing = 0;
		};
		4C751D91296A4C8700861894 /* Resources */ = {
			isa = PBXResourcesBuildPhase;
			buildActionMask = 2147483647;
			files = (
			);
			runOnlyForDeploymentPostprocessing = 0;
		};
/* End PBXResourcesBuildPhase section */

/* Begin PBXSourcesBuildPhase section */
		4C751D75296A4C8300861894 /* Sources */ = {
			isa = PBXSourcesBuildPhase;
			buildActionMask = 2147483647;
			files = (
				4C751D7F296A4C8300861894 /* PokedexView.swift in Sources */,
				4C751DB2296A516800861894 /* PokemonStat.swift in Sources */,
				4C751DB0296A511F00861894 /* NamedPokemonResource.swift in Sources */,
				4C751D7D296A4C8300861894 /* PokedexApp.swift in Sources */,
				4C751DA8296A4E4800861894 /* Pokemon.swift in Sources */,
				4C751DAC296A4FC300861894 /* PokemonAbility.swift in Sources */,
				4C751DB4296A52E900861894 /* PokemonType.swift in Sources */,
			);
			runOnlyForDeploymentPostprocessing = 0;
		};
		4C751D85296A4C8700861894 /* Sources */ = {
			isa = PBXSourcesBuildPhase;
			buildActionMask = 2147483647;
			files = (
				4C751D8E296A4C8700861894 /* PokedexTests.swift in Sources */,
				4C751DB9296A5BE900861894 /* PokemonModelTests.swift in Sources */,
			);
			runOnlyForDeploymentPostprocessing = 0;
		};
		4C751D8F296A4C8700861894 /* Sources */ = {
			isa = PBXSourcesBuildPhase;
			buildActionMask = 2147483647;
			files = (
				4C751D98296A4C8700861894 /* PokedexUITests.swift in Sources */,
				4C751D9A296A4C8700861894 /* PokedexUITestsLaunchTests.swift in Sources */,
			);
			runOnlyForDeploymentPostprocessing = 0;
		};
/* End PBXSourcesBuildPhase section */

/* Begin PBXTargetDependency section */
		4C751D8B296A4C8700861894 /* PBXTargetDependency */ = {
			isa = PBXTargetDependency;
			target = 4C751D78296A4C8300861894 /* Pokedex */;
			targetProxy = 4C751D8A296A4C8700861894 /* PBXContainerItemProxy */;
		};
		4C751D95296A4C8700861894 /* PBXTargetDependency */ = {
			isa = PBXTargetDependency;
			target = 4C751D78296A4C8300861894 /* Pokedex */;
			targetProxy = 4C751D94296A4C8700861894 /* PBXContainerItemProxy */;
		};
/* End PBXTargetDependency section */

/* Begin XCBuildConfiguration section */
		4C751D9B296A4C8700861894 /* Debug */ = {
			isa = XCBuildConfiguration;
			buildSettings = {
				ALWAYS_SEARCH_USER_PATHS = NO;
				CLANG_ANALYZER_NONNULL = YES;
				CLANG_ANALYZER_NUMBER_OBJECT_CONVERSION = YES_AGGRESSIVE;
				CLANG_CXX_LANGUAGE_STANDARD = "gnu++20";
				CLANG_ENABLE_MODULES = YES;
				CLANG_ENABLE_OBJC_ARC = YES;
				CLANG_ENABLE_OBJC_WEAK = YES;
				CLANG_WARN_BLOCK_CAPTURE_AUTORELEASING = YES;
				CLANG_WARN_BOOL_CONVERSION = YES;
				CLANG_WARN_COMMA = YES;
				CLANG_WARN_CONSTANT_CONVERSION = YES;
				CLANG_WARN_DEPRECATED_OBJC_IMPLEMENTATIONS = YES;
				CLANG_WARN_DIRECT_OBJC_ISA_USAGE = YES_ERROR;
				CLANG_WARN_DOCUMENTATION_COMMENTS = YES;
				CLANG_WARN_EMPTY_BODY = YES;
				CLANG_WARN_ENUM_CONVERSION = YES;
				CLANG_WARN_INFINITE_RECURSION = YES;
				CLANG_WARN_INT_CONVERSION = YES;
				CLANG_WARN_NON_LITERAL_NULL_CONVERSION = YES;
				CLANG_WARN_OBJC_IMPLICIT_RETAIN_SELF = YES;
				CLANG_WARN_OBJC_LITERAL_CONVERSION = YES;
				CLANG_WARN_OBJC_ROOT_CLASS = YES_ERROR;
				CLANG_WARN_QUOTED_INCLUDE_IN_FRAMEWORK_HEADER = YES;
				CLANG_WARN_RANGE_LOOP_ANALYSIS = YES;
				CLANG_WARN_STRICT_PROTOTYPES = YES;
				CLANG_WARN_SUSPICIOUS_MOVE = YES;
				CLANG_WARN_UNGUARDED_AVAILABILITY = YES_AGGRESSIVE;
				CLANG_WARN_UNREACHABLE_CODE = YES;
				CLANG_WARN__DUPLICATE_METHOD_MATCH = YES;
				COPY_PHASE_STRIP = NO;
				DEBUG_INFORMATION_FORMAT = dwarf;
				ENABLE_STRICT_OBJC_MSGSEND = YES;
				ENABLE_TESTABILITY = YES;
				GCC_C_LANGUAGE_STANDARD = gnu11;
				GCC_DYNAMIC_NO_PIC = NO;
				GCC_NO_COMMON_BLOCKS = YES;
				GCC_OPTIMIZATION_LEVEL = 0;
				GCC_PREPROCESSOR_DEFINITIONS = (
					"DEBUG=1",
					"$(inherited)",
				);
				GCC_WARN_64_TO_32_BIT_CONVERSION = YES;
				GCC_WARN_ABOUT_RETURN_TYPE = YES_ERROR;
				GCC_WARN_UNDECLARED_SELECTOR = YES;
				GCC_WARN_UNINITIALIZED_AUTOS = YES_AGGRESSIVE;
				GCC_WARN_UNUSED_FUNCTION = YES;
				GCC_WARN_UNUSED_VARIABLE = YES;
				IPHONEOS_DEPLOYMENT_TARGET = 16.2;
				MTL_ENABLE_DEBUG_INFO = INCLUDE_SOURCE;
				MTL_FAST_MATH = YES;
				ONLY_ACTIVE_ARCH = YES;
				SDKROOT = iphoneos;
				SWIFT_ACTIVE_COMPILATION_CONDITIONS = DEBUG;
				SWIFT_OPTIMIZATION_LEVEL = "-Onone";
			};
			name = Debug;
		};
		4C751D9C296A4C8700861894 /* Release */ = {
			isa = XCBuildConfiguration;
			buildSettings = {
				ALWAYS_SEARCH_USER_PATHS = NO;
				CLANG_ANALYZER_NONNULL = YES;
				CLANG_ANALYZER_NUMBER_OBJECT_CONVERSION = YES_AGGRESSIVE;
				CLANG_CXX_LANGUAGE_STANDARD = "gnu++20";
				CLANG_ENABLE_MODULES = YES;
				CLANG_ENABLE_OBJC_ARC = YES;
				CLANG_ENABLE_OBJC_WEAK = YES;
				CLANG_WARN_BLOCK_CAPTURE_AUTORELEASING = YES;
				CLANG_WARN_BOOL_CONVERSION = YES;
				CLANG_WARN_COMMA = YES;
				CLANG_WARN_CONSTANT_CONVERSION = YES;
				CLANG_WARN_DEPRECATED_OBJC_IMPLEMENTATIONS = YES;
				CLANG_WARN_DIRECT_OBJC_ISA_USAGE = YES_ERROR;
				CLANG_WARN_DOCUMENTATION_COMMENTS = YES;
				CLANG_WARN_EMPTY_BODY = YES;
				CLANG_WARN_ENUM_CONVERSION = YES;
				CLANG_WARN_INFINITE_RECURSION = YES;
				CLANG_WARN_INT_CONVERSION = YES;
				CLANG_WARN_NON_LITERAL_NULL_CONVERSION = YES;
				CLANG_WARN_OBJC_IMPLICIT_RETAIN_SELF = YES;
				CLANG_WARN_OBJC_LITERAL_CONVERSION = YES;
				CLANG_WARN_OBJC_ROOT_CLASS = YES_ERROR;
				CLANG_WARN_QUOTED_INCLUDE_IN_FRAMEWORK_HEADER = YES;
				CLANG_WARN_RANGE_LOOP_ANALYSIS = YES;
				CLANG_WARN_STRICT_PROTOTYPES = YES;
				CLANG_WARN_SUSPICIOUS_MOVE = YES;
				CLANG_WARN_UNGUARDED_AVAILABILITY = YES_AGGRESSIVE;
				CLANG_WARN_UNREACHABLE_CODE = YES;
				CLANG_WARN__DUPLICATE_METHOD_MATCH = YES;
				COPY_PHASE_STRIP = NO;
				DEBUG_INFORMATION_FORMAT = "dwarf-with-dsym";
				ENABLE_NS_ASSERTIONS = NO;
				ENABLE_STRICT_OBJC_MSGSEND = YES;
				GCC_C_LANGUAGE_STANDARD = gnu11;
				GCC_NO_COMMON_BLOCKS = YES;
				GCC_WARN_64_TO_32_BIT_CONVERSION = YES;
				GCC_WARN_ABOUT_RETURN_TYPE = YES_ERROR;
				GCC_WARN_UNDECLARED_SELECTOR = YES;
				GCC_WARN_UNINITIALIZED_AUTOS = YES_AGGRESSIVE;
				GCC_WARN_UNUSED_FUNCTION = YES;
				GCC_WARN_UNUSED_VARIABLE = YES;
				IPHONEOS_DEPLOYMENT_TARGET = 16.2;
				MTL_ENABLE_DEBUG_INFO = NO;
				MTL_FAST_MATH = YES;
				SDKROOT = iphoneos;
				SWIFT_COMPILATION_MODE = wholemodule;
				SWIFT_OPTIMIZATION_LEVEL = "-O";
				VALIDATE_PRODUCT = YES;
			};
			name = Release;
		};
		4C751D9E296A4C8700861894 /* Debug */ = {
			isa = XCBuildConfiguration;
			buildSettings = {
				ASSETCATALOG_COMPILER_APPICON_NAME = AppIcon;
				ASSETCATALOG_COMPILER_GLOBAL_ACCENT_COLOR_NAME = AccentColor;
				CODE_SIGN_STYLE = Automatic;
				CURRENT_PROJECT_VERSION = 1;
				DEVELOPMENT_ASSET_PATHS = "\"Pokedex/Preview Content\"";
				DEVELOPMENT_TEAM = H7BM7N56V5;
				ENABLE_PREVIEWS = YES;
				GENERATE_INFOPLIST_FILE = YES;
				INFOPLIST_KEY_UIApplicationSceneManifest_Generation = YES;
				INFOPLIST_KEY_UIApplicationSupportsIndirectInputEvents = YES;
				INFOPLIST_KEY_UILaunchScreen_Generation = YES;
				INFOPLIST_KEY_UISupportedInterfaceOrientations_iPad = "UIInterfaceOrientationPortrait UIInterfaceOrientationPortraitUpsideDown UIInterfaceOrientationLandscapeLeft UIInterfaceOrientationLandscapeRight";
				INFOPLIST_KEY_UISupportedInterfaceOrientations_iPhone = "UIInterfaceOrientationPortrait UIInterfaceOrientationLandscapeLeft UIInterfaceOrientationLandscapeRight";
				LD_RUNPATH_SEARCH_PATHS = (
					"$(inherited)",
					"@executable_path/Frameworks",
				);
				MARKETING_VERSION = 1.0;
				PRODUCT_BUNDLE_IDENTIFIER = com.vcoutasso.Pokedex;
				PRODUCT_NAME = "$(TARGET_NAME)";
				SWIFT_EMIT_LOC_STRINGS = YES;
				SWIFT_VERSION = 5.0;
				TARGETED_DEVICE_FAMILY = "1,2";
			};
			name = Debug;
		};
		4C751D9F296A4C8700861894 /* Release */ = {
			isa = XCBuildConfiguration;
			buildSettings = {
				ASSETCATALOG_COMPILER_APPICON_NAME = AppIcon;
				ASSETCATALOG_COMPILER_GLOBAL_ACCENT_COLOR_NAME = AccentColor;
				CODE_SIGN_STYLE = Automatic;
				CURRENT_PROJECT_VERSION = 1;
				DEVELOPMENT_ASSET_PATHS = "\"Pokedex/Preview Content\"";
				DEVELOPMENT_TEAM = H7BM7N56V5;
				ENABLE_PREVIEWS = YES;
				GENERATE_INFOPLIST_FILE = YES;
				INFOPLIST_KEY_UIApplicationSceneManifest_Generation = YES;
				INFOPLIST_KEY_UIApplicationSupportsIndirectInputEvents = YES;
				INFOPLIST_KEY_UILaunchScreen_Generation = YES;
				INFOPLIST_KEY_UISupportedInterfaceOrientations_iPad = "UIInterfaceOrientationPortrait UIInterfaceOrientationPortraitUpsideDown UIInterfaceOrientationLandscapeLeft UIInterfaceOrientationLandscapeRight";
				INFOPLIST_KEY_UISupportedInterfaceOrientations_iPhone = "UIInterfaceOrientationPortrait UIInterfaceOrientationLandscapeLeft UIInterfaceOrientationLandscapeRight";
				LD_RUNPATH_SEARCH_PATHS = (
					"$(inherited)",
					"@executable_path/Frameworks",
				);
				MARKETING_VERSION = 1.0;
				PRODUCT_BUNDLE_IDENTIFIER = com.vcoutasso.Pokedex;
				PRODUCT_NAME = "$(TARGET_NAME)";
				SWIFT_EMIT_LOC_STRINGS = YES;
				SWIFT_VERSION = 5.0;
				TARGETED_DEVICE_FAMILY = "1,2";
			};
			name = Release;
		};
		4C751DA1296A4C8700861894 /* Debug */ = {
			isa = XCBuildConfiguration;
			buildSettings = {
				ALWAYS_EMBED_SWIFT_STANDARD_LIBRARIES = YES;
				BUNDLE_LOADER = "$(TEST_HOST)";
				CODE_SIGN_STYLE = Automatic;
				CURRENT_PROJECT_VERSION = 1;
				DEVELOPMENT_TEAM = H7BM7N56V5;
				GENERATE_INFOPLIST_FILE = YES;
				IPHONEOS_DEPLOYMENT_TARGET = 16.2;
				MARKETING_VERSION = 1.0;
				PRODUCT_BUNDLE_IDENTIFIER = com.vcoutasso.PokedexTests;
				PRODUCT_NAME = "$(TARGET_NAME)";
				SWIFT_EMIT_LOC_STRINGS = NO;
				SWIFT_VERSION = 5.0;
				TARGETED_DEVICE_FAMILY = "1,2";
				TEST_HOST = "$(BUILT_PRODUCTS_DIR)/Pokedex.app/$(BUNDLE_EXECUTABLE_FOLDER_PATH)/Pokedex";
			};
			name = Debug;
		};
		4C751DA2296A4C8700861894 /* Release */ = {
			isa = XCBuildConfiguration;
			buildSettings = {
				ALWAYS_EMBED_SWIFT_STANDARD_LIBRARIES = YES;
				BUNDLE_LOADER = "$(TEST_HOST)";
				CODE_SIGN_STYLE = Automatic;
				CURRENT_PROJECT_VERSION = 1;
				DEVELOPMENT_TEAM = H7BM7N56V5;
				GENERATE_INFOPLIST_FILE = YES;
				IPHONEOS_DEPLOYMENT_TARGET = 16.2;
				MARKETING_VERSION = 1.0;
				PRODUCT_BUNDLE_IDENTIFIER = com.vcoutasso.PokedexTests;
				PRODUCT_NAME = "$(TARGET_NAME)";
				SWIFT_EMIT_LOC_STRINGS = NO;
				SWIFT_VERSION = 5.0;
				TARGETED_DEVICE_FAMILY = "1,2";
				TEST_HOST = "$(BUILT_PRODUCTS_DIR)/Pokedex.app/$(BUNDLE_EXECUTABLE_FOLDER_PATH)/Pokedex";
			};
			name = Release;
		};
		4C751DA4296A4C8700861894 /* Debug */ = {
			isa = XCBuildConfiguration;
			buildSettings = {
				ALWAYS_EMBED_SWIFT_STANDARD_LIBRARIES = YES;
				CODE_SIGN_STYLE = Automatic;
				CURRENT_PROJECT_VERSION = 1;
				DEVELOPMENT_TEAM = H7BM7N56V5;
				GENERATE_INFOPLIST_FILE = YES;
				MARKETING_VERSION = 1.0;
				PRODUCT_BUNDLE_IDENTIFIER = com.vcoutasso.PokedexUITests;
				PRODUCT_NAME = "$(TARGET_NAME)";
				SWIFT_EMIT_LOC_STRINGS = NO;
				SWIFT_VERSION = 5.0;
				TARGETED_DEVICE_FAMILY = "1,2";
				TEST_TARGET_NAME = Pokedex;
			};
			name = Debug;
		};
		4C751DA5296A4C8700861894 /* Release */ = {
			isa = XCBuildConfiguration;
			buildSettings = {
				ALWAYS_EMBED_SWIFT_STANDARD_LIBRARIES = YES;
				CODE_SIGN_STYLE = Automatic;
				CURRENT_PROJECT_VERSION = 1;
				DEVELOPMENT_TEAM = H7BM7N56V5;
				GENERATE_INFOPLIST_FILE = YES;
				MARKETING_VERSION = 1.0;
				PRODUCT_BUNDLE_IDENTIFIER = com.vcoutasso.PokedexUITests;
				PRODUCT_NAME = "$(TARGET_NAME)";
				SWIFT_EMIT_LOC_STRINGS = NO;
				SWIFT_VERSION = 5.0;
				TARGETED_DEVICE_FAMILY = "1,2";
				TEST_TARGET_NAME = Pokedex;
			};
			name = Release;
		};
/* End XCBuildConfiguration section */

/* Begin XCConfigurationList section */
		4C751D74296A4C8300861894 /* Build configuration list for PBXProject "Pokedex" */ = {
			isa = XCConfigurationList;
			buildConfigurations = (
				4C751D9B296A4C8700861894 /* Debug */,
				4C751D9C296A4C8700861894 /* Release */,
			);
			defaultConfigurationIsVisible = 0;
			defaultConfigurationName = Release;
		};
		4C751D9D296A4C8700861894 /* Build configuration list for PBXNativeTarget "Pokedex" */ = {
			isa = XCConfigurationList;
			buildConfigurations = (
				4C751D9E296A4C8700861894 /* Debug */,
				4C751D9F296A4C8700861894 /* Release */,
			);
			defaultConfigurationIsVisible = 0;
			defaultConfigurationName = Release;
		};
		4C751DA0296A4C8700861894 /* Build configuration list for PBXNativeTarget "PokedexTests" */ = {
			isa = XCConfigurationList;
			buildConfigurations = (
				4C751DA1296A4C8700861894 /* Debug */,
				4C751DA2296A4C8700861894 /* Release */,
			);
			defaultConfigurationIsVisible = 0;
			defaultConfigurationName = Release;
		};
		4C751DA3296A4C8700861894 /* Build configuration list for PBXNativeTarget "PokedexUITests" */ = {
			isa = XCConfigurationList;
			buildConfigurations = (
				4C751DA4296A4C8700861894 /* Debug */,
				4C751DA5296A4C8700861894 /* Release */,
			);
			defaultConfigurationIsVisible = 0;
			defaultConfigurationName = Release;
		};
/* End XCConfigurationList section */
	};
	rootObject = 4C751D71296A4C8300861894 /* Project object */;
}
